
Microsoft Visual Studio Solution File, Format Version 12.00
# Visual Studio 14
VisualStudioVersion = 14.0.25123.0
MinimumVisualStudioVersion = 10.0.40219.1
Project("{FAE04EC0-301F-11D3-BF4B-00C04F79EFBC}") = "Entrance", "Version 1\Entrance.csproj", "{7FC8D378-27BD-4C7E-B56A-4D963F38873F}"
EndProject
Project("{FAE04EC0-301F-11D3-BF4B-00C04F79EFBC}") = "Camping", "Camping\Camping.csproj", "{29DA55A6-413F-4661-B4A1-44C7FC2E591E}"
EndProject
Project("{FAE04EC0-301F-11D3-BF4B-00C04F79EFBC}") = "Shop", "Shop\Shop.csproj", "{8BA68B84-4F7D-42EF-BAC7-C90B086CE010}"
EndProject
Project("{FAE04EC0-301F-11D3-BF4B-00C04F79EFBC}") = "LendStation", "LendStation\LendStation.csproj", "{A9F71CB5-A221-442A-878C-DF22B10290E6}"
EndProject
Project("{FAE04EC0-301F-11D3-BF4B-00C04F79EFBC}") = "ExitApp", "ExitApp\ExitApp.csproj", "{23C760A2-6F51-4B94-B148-4766F495F4B8}"
EndProject
Project("{FAE04EC0-301F-11D3-BF4B-00C04F79EFBC}") = "Register", "Register\Register.csproj", "{35C4A019-FBDF-4F1B-8DB8-23A32798E769}"
EndProject
Project("{FAE04EC0-301F-11D3-BF4B-00C04F79EFBC}") = "Statistics", "Statistics\Statistics.csproj", "{DC252853-CD28-479D-98A3-DF4AAE814E29}"
EndProject
Global
	GlobalSection(SolutionConfigurationPlatforms) = preSolution
		Debug|Any CPU = Debug|Any CPU
		Release|Any CPU = Release|Any CPU
	EndGlobalSection
	GlobalSection(ProjectConfigurationPlatforms) = postSolution
		{7FC8D378-27BD-4C7E-B56A-4D963F38873F}.Debug|Any CPU.ActiveCfg = Debug|Any CPU
		{7FC8D378-27BD-4C7E-B56A-4D963F38873F}.Debug|Any CPU.Build.0 = Debug|Any CPU
		{7FC8D378-27BD-4C7E-B56A-4D963F38873F}.Release|Any CPU.ActiveCfg = Release|Any CPU
		{7FC8D378-27BD-4C7E-B56A-4D963F38873F}.Release|Any CPU.Build.0 = Release|Any CPU
		{29DA55A6-413F-4661-B4A1-44C7FC2E591E}.Debug|Any CPU.ActiveCfg = Debug|Any CPU
		{29DA55A6-413F-4661-B4A1-44C7FC2E591E}.Debug|Any CPU.Build.0 = Debug|Any CPU
		{29DA55A6-413F-4661-B4A1-44C7FC2E591E}.Release|Any CPU.ActiveCfg = Release|Any CPU
		{29DA55A6-413F-4661-B4A1-44C7FC2E591E}.Release|Any CPU.Build.0 = Release|Any CPU
		{8BA68B84-4F7D-42EF-BAC7-C90B086CE010}.Debug|Any CPU.ActiveCfg = Debug|Any CPU
		{8BA68B84-4F7D-42EF-BAC7-C90B086CE010}.Debug|Any CPU.Build.0 = Debug|Any CPU
		{8BA68B84-4F7D-42EF-BAC7-C90B086CE010}.Release|Any CPU.ActiveCfg = Release|Any CPU
		{8BA68B84-4F7D-42EF-BAC7-C90B086CE010}.Release|Any CPU.Build.0 = Release|Any CPU
		{A9F71CB5-A221-442A-878C-DF22B10290E6}.Debug|Any CPU.ActiveCfg = Debug|Any CPU
		{A9F71CB5-A221-442A-878C-DF22B10290E6}.Debug|Any CPU.Build.0 = Debug|Any CPU
		{A9F71CB5-A221-442A-878C-DF22B10290E6}.Release|Any CPU.ActiveCfg = Release|Any CPU
		{A9F71CB5-A221-442A-878C-DF22B10290E6}.Release|Any CPU.Build.0 = Release|Any CPU
		{23C760A2-6F51-4B94-B148-4766F495F4B8}.Debug|Any CPU.ActiveCfg = Debug|Any CPU
		{23C760A2-6F51-4B94-B148-4766F495F4B8}.Debug|Any CPU.Build.0 = Debug|Any CPU
		{23C760A2-6F51-4B94-B148-4766F495F4B8}.Release|Any CPU.ActiveCfg = Release|Any CPU
		{23C760A2-6F51-4B94-B148-4766F495F4B8}.Release|Any CPU.Build.0 = Release|Any CPU
		{35C4A019-FBDF-4F1B-8DB8-23A32798E769}.Debug|Any CPU.ActiveCfg = Debug|Any CPU
		{35C4A019-FBDF-4F1B-8DB8-23A32798E769}.Debug|Any CPU.Build.0 = Debug|Any CPU
		{35C4A019-FBDF-4F1B-8DB8-23A32798E769}.Release|Any CPU.ActiveCfg = Release|Any CPU
		{35C4A019-FBDF-4F1B-8DB8-23A32798E769}.Release|Any CPU.Build.0 = Release|Any CPU
		{DC252853-CD28-479D-98A3-DF4AAE814E29}.Debug|Any CPU.ActiveCfg = Debug|Any CPU
		{DC252853-CD28-479D-98A3-DF4AAE814E29}.Debug|Any CPU.Build.0 = Debug|Any CPU
		{DC252853-CD28-479D-98A3-DF4AAE814E29}.Release|Any CPU.ActiveCfg = Release|Any CPU
		{DC252853-CD28-479D-98A3-DF4AAE814E29}.Release|Any CPU.Build.0 = Release|Any CPU
	EndGlobalSection
	GlobalSection(SolutionProperties) = preSolution
		HideSolutionNode = FALSE
	EndGlobalSection	
EndGlobal
